
Microsoft Visual Studio Solution File, Format Version 12.00
# Visual Studio 15
VisualStudioVersion = 15.0.27703.2026
MinimumVisualStudioVersion = 10.0.40219.1
Project("{FAE04EC0-301F-11D3-BF4B-00C04F79EFBC}") = "FormUI", "FormUI\FormUI.csproj", "{79142C47-55F4-4720-AF34-269DD453CA3A}"
EndProject
Global
	GlobalSection(SolutionConfigurationPlatforms) = preSolution
		Debug|Any CPU = Debug|Any CPU
		Release|Any CPU = Release|Any CPU
	EndGlobalSection
	GlobalSection(ProjectConfigurationPlatforms) = postSolution
		{79142C47-55F4-4720-AF34-269DD453CA3A}.Debug|Any CPU.ActiveCfg = Debug|Any CPU
		{79142C47-55F4-4720-AF34-269DD453CA3A}.Debug|Any CPU.Build.0 = Debug|Any CPU
		{79142C47-55F4-4720-AF34-269DD453CA3A}.Release|Any CPU.ActiveCfg = Release|Any CPU
		{79142C47-55F4-4720-AF34-269DD453CA3A}.Release|Any CPU.Build.0 = Release|Any CPU
	EndGlobalSection
	GlobalSection(SolutionProperties) = preSolution
		HideSolutionNode = FALSE
	EndGlobalSection
	GlobalSection(ExtensibilityGlobals) = postSolution
		SolutionGuid = {3BE7F984-C9D6-469C-887A-8954B979E4D8}
	EndGlobalSection
EndGlobal
